
Microsoft Visual Studio Solution File, Format Version 12.00
# Visual Studio Version 17
VisualStudioVersion = 17.5.33627.172
MinimumVisualStudioVersion = 10.0.40219.1
Project("{9A19103F-16F7-4668-BE54-9A1E7A4F7556}") = "Productify", "Productify.csproj", "{B459988F-C8A6-40BC-ABC2-11ADF8CD3CBF}"
EndProject
Project("{E53339B2-1760-4266-BCC7-CA923CBCF16C}") = "docker-compose", "docker-compose.dcproj", "{BC3B97B6-EB9B-4143-9389-9EE402871D11}"
EndProject
Global
	GlobalSection(SolutionConfigurationPlatforms) = preSolution
		Debug|Any CPU = Debug|Any CPU
		Release|Any CPU = Release|Any CPU
	EndGlobalSection
	GlobalSection(ProjectConfigurationPlatforms) = postSolution
		{B459988F-C8A6-40BC-ABC2-11ADF8CD3CBF}.Debug|Any CPU.ActiveCfg = Debug|Any CPU
		{B459988F-C8A6-40BC-ABC2-11ADF8CD3CBF}.Debug|Any CPU.Build.0 = Debug|Any CPU
		{B459988F-C8A6-40BC-ABC2-11ADF8CD3CBF}.Release|Any CPU.ActiveCfg = Release|Any CPU
		{B459988F-C8A6-40BC-ABC2-11ADF8CD3CBF}.Release|Any CPU.Build.0 = Release|Any CPU
		{BC3B97B6-EB9B-4143-9389-9EE402871D11}.Debug|Any CPU.ActiveCfg = Debug|Any CPU
		{BC3B97B6-EB9B-4143-9389-9EE402871D11}.Debug|Any CPU.Build.0 = Debug|Any CPU
		{BC3B97B6-EB9B-4143-9389-9EE402871D11}.Release|Any CPU.ActiveCfg = Release|Any CPU
		{BC3B97B6-EB9B-4143-9389-9EE402871D11}.Release|Any CPU.Build.0 = Release|Any CPU
	EndGlobalSection
	GlobalSection(SolutionProperties) = preSolution
		HideSolutionNode = FALSE
	EndGlobalSection
	GlobalSection(ExtensibilityGlobals) = postSolution
		SolutionGuid = {F98A651B-203F-4BE5-A87D-2D843DD35DC8}
	EndGlobalSection
EndGlobal
